
Microsoft Visual Studio Solution File, Format Version 12.00
# Visual Studio Version 16
VisualStudioVersion = 16.0.31702.278
MinimumVisualStudioVersion = 10.0.40219.1
Project("{8BC9CEB8-8B4A-11D0-8D11-00A0C91BC942}") = "SoundSynthesizer", "SoundSynthesizer.vcxproj", "{7BFD84B8-C3F1-4A51-B010-E1D3034CA97B}"
EndProject
Global
	GlobalSection(SolutionConfigurationPlatforms) = preSolution
		Debug|x64 = Debug|x64
		Debug|x86 = Debug|x86
		Release|x64 = Release|x64
		Release|x86 = Release|x86
	EndGlobalSection
	GlobalSection(ProjectConfigurationPlatforms) = postSolution
		{7BFD84B8-C3F1-4A51-B010-E1D3034CA97B}.Debug|x64.ActiveCfg = Debug|x64
		{7BFD84B8-C3F1-4A51-B010-E1D3034CA97B}.Debug|x64.Build.0 = Debug|x64
		{7BFD84B8-C3F1-4A51-B010-E1D3034CA97B}.Debug|x86.ActiveCfg = Debug|Win32
		{7BFD84B8-C3F1-4A51-B010-E1D3034CA97B}.Debug|x86.Build.0 = Debug|Win32
		{7BFD84B8-C3F1-4A51-B010-E1D3034CA97B}.Release|x64.ActiveCfg = Release|x64
		{7BFD84B8-C3F1-4A51-B010-E1D3034CA97B}.Release|x64.Build.0 = Release|x64
		{7BFD84B8-C3F1-4A51-B010-E1D3034CA97B}.Release|x86.ActiveCfg = Release|Win32
		{7BFD84B8-C3F1-4A51-B010-E1D3034CA97B}.Release|x86.Build.0 = Release|Win32
	EndGlobalSection
	GlobalSection(SolutionProperties) = preSolution
		HideSolutionNode = FALSE
	EndGlobalSection
	GlobalSection(ExtensibilityGlobals) = postSolution
		SolutionGuid = {E0592707-D0F2-4B75-AE70-C3146226D982}
	EndGlobalSection
EndGlobal
